{
  "originHash" : "9a7dd079e146b958509c34b6c9b05c2df535385a01a4b746fff9110ace7d0141",
  "pins" : [
    {
      "identity" : "adhan-swift",
      "kind" : "remoteSourceControl",
      "location" : "https://github.com/batoulapps/adhan-swift",
      "state" : {
        "revision" : "6dc8309951fdaa0cd124c52b9a8de7e0da1ff2ce",
        "version" : "1.4.0"
      }
    },
    {
      "identity" : "openai",
      "kind" : "remoteSourceControl",
      "location" : "https://github.com/MacPaw/OpenAI.git",
      "state" : {
        "revision" : "843e087929aa806adb611dbca93f9a4a7f28be04",
        "version" : "0.3.0"
      }
    }
  ],
  "version" : 3
}
